{
  "lockfile_version": "1",
  "packages": {
    "github:NixOS/nixpkgs/nixpkgs-unstable": {
      "last_modified": "2026-07-27T00:09:06Z",
      "resolved": "github:NixOS/nixpkgs/d3498f786f97ac0bded21b34bae0bf3809b45aa3?lastModified=1785110946&narHash=sha256-WWuWxmXKzGZWryswWlijP3Mjp6aGy4Ngmeil5nGMMjk%3D"
    },
    "jdk@21": {
      "last_modified": "2025-10-22T20:59:19Z",
      "resolved": "github:NixOS/nixpkgs/01b6809f7f9d1183a2b3e081f0a1e6f8f415cb09#jdk",
      "source": "devbox-search",
      "version": "21.0.9+8",
      "systems": {
        "aarch64-linux": {
          "outputs": [
            {
              "name": "out",
              "path": "/nix/store/gxjm3qjq9kyvi5hv7r4s8ngbkg1d94df-openjdk-21.0.9+8",
              "default": true
            },
            {
              "name": "debug",
              "path": "/nix/store/sz9izpfkgi9nw3s9fz8vik9qn01vkx4d-openjdk-21.0.9+8-debug"
            }
          ],
          "store_path": "/nix/store/gxjm3qjq9kyvi5hv7r4s8ngbkg1d94df-openjdk-21.0.9+8"
        },
        "x86_64-linux": {
          "outputs": [
            {
              "name": "out",
              "path": "/nix/store/l5z1hqq6l223379w6f25fibniz16g2s9-openjdk-21.0.9+8",
              "default": true
            },
            {
              "name": "debug",
              "path": "/nix/store/pgkj2381fcdrbx9w85h162cigdgyn7j2-openjdk-21.0.9+8-debug"
            }
          ],
          "store_path": "/nix/store/l5z1hqq6l223379w6f25fibniz16g2s9-openjdk-21.0.9+8"
        }
      }
    },
    "maven@3.9.16": {
      "last_modified": "2026-07-23T05:10:05Z",
      "resolved": "github:NixOS/nixpkgs/7525d999cd850b9a488817abc89c75dc733acf17#maven",
      "source": "devbox-search",
      "version": "3.9.16",
      "systems": {
        "aarch64-darwin": {
          "outputs": [
            {
              "name": "out",
              "path": "/nix/store/7fawzgl394ymsdcjxbrzgfp764i9adak-maven-3.9.16",
              "default": true
            }
          ],
          "store_path": "/nix/store/7fawzgl394ymsdcjxbrzgfp764i9adak-maven-3.9.16"
        },
        "aarch64-linux": {
          "outputs": [
            {
              "name": "out",
              "path": "/nix/store/0vmnyjdpbl6ghym36gdra7wlak3jdpgi-maven-3.9.16",
              "default": true
            }
          ],
          "store_path": "/nix/store/0vmnyjdpbl6ghym36gdra7wlak3jdpgi-maven-3.9.16"
        },
        "x86_64-darwin": {
          "outputs": [
            {
              "name": "out",
              "path": "/nix/store/334davh2hdmg5ma9pxxz5vpz39dji3vs-maven-3.9.16",
              "default": true
            }
          ],
          "store_path": "/nix/store/334davh2hdmg5ma9pxxz5vpz39dji3vs-maven-3.9.16"
        },
        "x86_64-linux": {
          "outputs": [
            {
              "name": "out",
              "path": "/nix/store/qncx3swnx2hj9q7f2lxdrvz9n6679mg4-maven-3.9.16",
              "default": true
            }
          ],
          "store_path": "/nix/store/qncx3swnx2hj9q7f2lxdrvz9n6679mg4-maven-3.9.16"
        }
      }
    }
  }
}
